
Microsoft Visual Studio Solution File, Format Version 12.00
# Visual Studio Version 17
VisualStudioVersion = 17.1.32210.238
MinimumVisualStudioVersion = 10.0.40219.1
Project("{FAE04EC0-301F-11D3-BF4B-00C04F79EFBC}") = "SuperHeroApi", "SuperHeroApi\SuperHeroApi.csproj", "{E4AC9CED-A244-4FEB-903D-3106AAA31AD6}"
EndProject
Global
	GlobalSection(SolutionConfigurationPlatforms) = preSolution
		Debug|Any CPU = Debug|Any CPU
		Release|Any CPU = Release|Any CPU
	EndGlobalSection
	GlobalSection(ProjectConfigurationPlatforms) = postSolution
		{E4AC9CED-A244-4FEB-903D-3106AAA31AD6}.Debug|Any CPU.ActiveCfg = Debug|Any CPU
		{E4AC9CED-A244-4FEB-903D-3106AAA31AD6}.Debug|Any CPU.Build.0 = Debug|Any CPU
		{E4AC9CED-A244-4FEB-903D-3106AAA31AD6}.Release|Any CPU.ActiveCfg = Release|Any CPU
		{E4AC9CED-A244-4FEB-903D-3106AAA31AD6}.Release|Any CPU.Build.0 = Release|Any CPU
	EndGlobalSection
	GlobalSection(SolutionProperties) = preSolution
		HideSolutionNode = FALSE
	EndGlobalSection
	GlobalSection(ExtensibilityGlobals) = postSolution
		SolutionGuid = {49C72198-DBBA-4C83-AACA-17D505A5F470}
	EndGlobalSection
EndGlobal
